{
  "name": "openclaw-compact-context",
  "version": "0.1.0",
  "lockfileVersion": 3,
  "requires": true,
  "packages": {
    "": {
      "name": "openclaw-compact-context",
      "version": "0.1.0",
      "workspaces": [
        "apps/*",
        "packages/*"
      ],
      "devDependencies": {
        "@types/node": "^24.0.0",
        "typescript": "^5.8.0"
      }
    },
    "apps/control-plane": {
      "name": "@openclaw-compact-context/control-plane",
      "version": "0.1.0",
      "dependencies": {
        "@openclaw-compact-context/control-plane-shell": "0.1.0"
      },
      "bin": {
        "openclaw-control-plane": "dist/bin/openclaw-control-plane.js"
      }
    },
    "apps/openclaw-plugin": {
      "name": "@openclaw-compact-context/openclaw-plugin",
      "version": "0.1.0",
      "dependencies": {
        "@openclaw-compact-context/openclaw-adapter": "0.1.0"
      },
      "bin": {
        "openclaw-context-plugin": "dist/bin/openclaw-context-plugin.js"
      }
    },
    "node_modules/@openclaw-compact-context/contracts": {
      "resolved": "packages/contracts",
      "link": true
    },
    "node_modules/@openclaw-compact-context/control-plane": {
      "resolved": "apps/control-plane",
      "link": true
    },
    "node_modules/@openclaw-compact-context/control-plane-core": {
      "resolved": "packages/control-plane-core",
      "link": true
    },
    "node_modules/@openclaw-compact-context/control-plane-shell": {
      "resolved": "packages/control-plane-shell",
      "link": true
    },
    "node_modules/@openclaw-compact-context/openclaw-adapter": {
      "resolved": "packages/openclaw-adapter",
      "link": true
    },
    "node_modules/@openclaw-compact-context/openclaw-plugin": {
      "resolved": "apps/openclaw-plugin",
      "link": true
    },
    "node_modules/@openclaw-compact-context/runtime-core": {
      "resolved": "packages/runtime-core",
      "link": true
    },
    "node_modules/@types/node": {
      "version": "24.12.0",
      "resolved": "https://registry.npmjs.org/@types/node/-/node-24.12.0.tgz",
      "integrity": "sha512-GYDxsZi3ChgmckRT9HPU0WEhKLP08ev/Yfcq2AstjrDASOYCSXeyjDsHg4v5t4jOj7cyDX3vmprafKlWIG9MXQ==",
      "dev": true,
      "license": "MIT",
      "dependencies": {
        "undici-types": "~7.16.0"
      }
    },
    "node_modules/typescript": {
      "version": "5.9.3",
      "resolved": "https://registry.npmjs.org/typescript/-/typescript-5.9.3.tgz",
      "integrity": "sha512-jl1vZzPDinLr9eUt3J/t7V6FgNEw9QjvBPdysz9KfQDD41fQrC2Y4vKQdiaUpFT4bXlb1RHhLpp8wtm6M5TgSw==",
      "dev": true,
      "license": "Apache-2.0",
      "bin": {
        "tsc": "bin/tsc",
        "tsserver": "bin/tsserver"
      },
      "engines": {
        "node": ">=14.17"
      }
    },
    "node_modules/undici-types": {
      "version": "7.16.0",
      "resolved": "https://registry.npmjs.org/undici-types/-/undici-types-7.16.0.tgz",
      "integrity": "sha512-Zz+aZWSj8LE6zoxD+xrjh4VfkIG8Ya6LvYkZqtUQGJPZjYl53ypCaUwWqo7eI0x66KBGeRo+mlBEkMSeSZ38Nw==",
      "dev": true,
      "license": "MIT"
    },
    "packages/contracts": {
      "name": "@openclaw-compact-context/contracts",
      "version": "0.1.0"
    },
    "packages/control-plane-core": {
      "name": "@openclaw-compact-context/control-plane-core",
      "version": "0.1.0",
      "dependencies": {
        "@openclaw-compact-context/contracts": "0.1.0"
      }
    },
    "packages/control-plane-shell": {
      "name": "@openclaw-compact-context/control-plane-shell",
      "version": "0.1.0",
      "dependencies": {
        "@openclaw-compact-context/contracts": "0.1.0",
        "@openclaw-compact-context/control-plane-core": "0.1.0",
        "@openclaw-compact-context/openclaw-adapter": "0.1.0"
      }
    },
    "packages/openclaw-adapter": {
      "name": "@openclaw-compact-context/openclaw-adapter",
      "version": "0.1.0",
      "dependencies": {
        "@openclaw-compact-context/contracts": "0.1.0",
        "@openclaw-compact-context/control-plane-core": "0.1.0",
        "@openclaw-compact-context/runtime-core": "0.1.0"
      }
    },
    "packages/runtime-core": {
      "name": "@openclaw-compact-context/runtime-core",
      "version": "0.1.0",
      "dependencies": {
        "@openclaw-compact-context/contracts": "0.1.0"
      }
    }
  }
}
